{
  "originHash" : "6072e12863e56f1c0995893bf3677160bb13e5f3bff7f404e5d44454588c788b",
  "pins" : [
    {
      "identity" : "nuxie-ios",
      "kind" : "remoteSourceControl",
      "location" : "https://github.com/nuxieai/nuxie-ios.git",
      "state" : {
        "revision" : "8c41617716c5c5086aba44e0d64f048692c515ae"
      }
    }
  ],
  "version" : 3
}
