{
  "originHash" : "10603f7c2dcbade688171d57d883bfb5a9ad539b90be96ba12b84115139efd0e",
  "pins" : [
    {
      "identity" : "nuxie-ios",
      "kind" : "remoteSourceControl",
      "location" : "https://github.com/nuxieai/nuxie-ios.git",
      "state" : {
        "revision" : "54ec3eb4ef50a5c6a1d8a0167774430e297b43f2",
        "version" : "0.1.0"
      }
    }
  ],
  "version" : 3
}
