{
  "originHash" : "081cf609d50e6905339f9ddc26a10022590624d949e7933ace8b1e3b581e906b",
  "pins" : [
    {
      "identity" : "nuxie-ios",
      "kind" : "remoteSourceControl",
      "location" : "https://github.com/nuxieai/nuxie-ios.git",
      "state" : {
        "revision" : "c2f304eb87f3efbedaa38052ca64eab53e0d0b0f"
      }
    }
  ],
  "version" : 3
}
